
Microsoft Visual Studio Solution File, Format Version 12.00
# Visual Studio Version 17
VisualStudioVersion = 17.11.35303.130
MinimumVisualStudioVersion = 10.0.40219.1
Project("{2150E333-8FDC-42A3-9474-1A3956D46DE8}") = "Task0", "Task0", "{B5EBCE8E-C93F-4042-894A-E103A27EF021}"
EndProject
Project("{9A19103F-16F7-4668-BE54-9A1E7A4F7556}") = "Tyuiu.DmiterkoKD.Sprint2.Task0.V25", "Tyuiu.DmiterkoKD.Sprint2.Task0.V25\Tyuiu.DmiterkoKD.Sprint2.Task0.V25.csproj", "{F3278792-7A14-45A7-8D06-D1001EB35AB8}"
EndProject
Project("{9A19103F-16F7-4668-BE54-9A1E7A4F7556}") = "Tyuiu.DmiterkoKD.Sprint2.Task0.V25.Lib", "Tyuiu.DmiterkoKD.Sprint2.Task0.V25.Lib\Tyuiu.DmiterkoKD.Sprint2.Task0.V25.Lib.csproj", "{040B84ED-0DDF-4C71-980E-18FA0F253DA1}"
EndProject
Project("{9A19103F-16F7-4668-BE54-9A1E7A4F7556}") = "Tyuiu.DmiterkoKD.Sprint2.Task0.V25.Test", "Tyuiu.DmiterkoKD.Sprint2.Task0.V25.Test\Tyuiu.DmiterkoKD.Sprint2.Task0.V25.Test.csproj", "{C0CDA1CD-C5AE-4D65-8CF2-56D8F02A5745}"
EndProject
Project("{2150E333-8FDC-42A3-9474-1A3956D46DE8}") = "Task1", "Task1", "{DB6BA758-B06A-4586-821D-1512D382CDFA}"
EndProject
Project("{9A19103F-16F7-4668-BE54-9A1E7A4F7556}") = "Tyuiu.DmiterkoKD.Sprint2.Task1.V26", "Tyuiu.DmiterkoKD.Sprint2.Task1.V26\Tyuiu.DmiterkoKD.Sprint2.Task1.V26.csproj", "{06B75F42-3B79-4D3D-9EC5-2497BDAC6FDC}"
EndProject
Project("{9A19103F-16F7-4668-BE54-9A1E7A4F7556}") = "Tyuiu.DmiterkoKD.Sprint2.Task1.V26.Lib", "Tyuiu.DmiterkoKD.Sprint2.Task1.V26.Lib\Tyuiu.DmiterkoKD.Sprint2.Task1.V26.Lib.csproj", "{C99AE20B-48CA-4899-8F3C-BA7596357F54}"
EndProject
Project("{9A19103F-16F7-4668-BE54-9A1E7A4F7556}") = "Tyuiu.DmiterkoKD.Sprint2.Task1.V26.Test", "Tyuiu.DmiterkoKD.Sprint2.Task1.V26.Test\Tyuiu.DmiterkoKD.Sprint2.Task1.V26.Test.csproj", "{F7A375AC-7AD1-412C-A537-06E095E33363}"
EndProject
Project("{2150E333-8FDC-42A3-9474-1A3956D46DE8}") = "Task2", "Task2", "{DB1237C2-369F-40ED-91F2-981BA4667C0E}"
EndProject
Project("{9A19103F-16F7-4668-BE54-9A1E7A4F7556}") = "Tyuiu.DmiterkoKD.Sprint2.Task2.V23", "Tyuiu.DmiterkoKD.Sprint2.Task2.V23\Tyuiu.DmiterkoKD.Sprint2.Task2.V23.csproj", "{CD982ABD-296B-4CD8-B259-B58EAE78B9E8}"
EndProject
Project("{9A19103F-16F7-4668-BE54-9A1E7A4F7556}") = "Tyuiu.DmiterkoKD.Sprint2.Task2.V23.Lib", "Tyuiu.DmiterkoKD.Sprint2.Task2.V23.Lib\Tyuiu.DmiterkoKD.Sprint2.Task2.V23.Lib.csproj", "{C9698FAE-9069-4365-BF82-BA7D08718452}"
EndProject
Project("{9A19103F-16F7-4668-BE54-9A1E7A4F7556}") = "Tyuiu.DmiterkoKD.Sprint2.Task2.V23.Test", "Tyuiu.DmiterkoKD.Sprint2.Task2.V23.Test\Tyuiu.DmiterkoKD.Sprint2.Task2.V23.Test.csproj", "{9804BC7A-8F89-49E0-A799-D362AFE59DE9}"
EndProject
Project("{2150E333-8FDC-42A3-9474-1A3956D46DE8}") = "Task3", "Task3", "{8D5A3655-BE0D-45EC-B072-D76186CA5A67}"
EndProject
Project("{9A19103F-16F7-4668-BE54-9A1E7A4F7556}") = "Tyuiu.DmiterkoKD.Sprint2.Task3.V11", "Tyuiu.DmiterkoKD.Sprint2.Task3.V11\Tyuiu.DmiterkoKD.Sprint2.Task3.V11.csproj", "{529174F0-C135-4721-9CDF-BD0C1B7781B8}"
EndProject
Project("{9A19103F-16F7-4668-BE54-9A1E7A4F7556}") = "Tyuiu.DmiterkoKD.Sprint2.Task3.V11.Lib", "Tyuiu.DmiterkoKD.Sprint2.Task3.V11.Lib\Tyuiu.DmiterkoKD.Sprint2.Task3.V11.Lib.csproj", "{C6E03868-DB3B-45BC-A250-923EE421D530}"
EndProject
Project("{9A19103F-16F7-4668-BE54-9A1E7A4F7556}") = "Tyuiu.DmiterkoKD.Sprint2.Task3.V11.Test", "Tyuiu.DmiterkoKD.Sprint2.Task3.V11.Test\Tyuiu.DmiterkoKD.Sprint2.Task3.V11.Test.csproj", "{ABE84FC6-CFDF-4256-B45A-64AF41A812A7}"
EndProject
Project("{2150E333-8FDC-42A3-9474-1A3956D46DE8}") = "Task4", "Task4", "{763EEDB7-3FC4-496B-93E7-B014DE605094}"
EndProject
Project("{9A19103F-16F7-4668-BE54-9A1E7A4F7556}") = "Tyuiu.DmiterkoKD.Sprint2.Task4.V8", "Tyuiu.DmiterkoKD.Sprint2.Task4.V8\Tyuiu.DmiterkoKD.Sprint2.Task4.V8.csproj", "{C1138CF3-6884-4FE0-B6CD-0E3BCE89B873}"
EndProject
Project("{9A19103F-16F7-4668-BE54-9A1E7A4F7556}") = "Tyuiu.DmiterkoKD.Sprint2.Task4.V8.Lib", "Tyuiu.DmiterkoKD.Sprint2.Task4.V8.Lib\Tyuiu.DmiterkoKD.Sprint2.Task4.V8.Lib.csproj", "{D9FF6C92-6914-4745-82EA-EF6553A5A24D}"
EndProject
Project("{9A19103F-16F7-4668-BE54-9A1E7A4F7556}") = "Tyuiu.DmiterkoKD.Sprint2.Task4.V8.Test", "Tyuiu.DmiterkoKD.Sprint2.Task4.V8.Test\Tyuiu.DmiterkoKD.Sprint2.Task4.V8.Test.csproj", "{95007336-010E-42EB-AA2F-BC4BA56E26B5}"
EndProject
Project("{2150E333-8FDC-42A3-9474-1A3956D46DE8}") = "Task5", "Task5", "{50BC7017-ACA5-4C87-B4CE-9822A10F7A21}"
EndProject
Project("{9A19103F-16F7-4668-BE54-9A1E7A4F7556}") = "Tyuiu.DmiterkoKD.Sprint2.Task5.V2", "Tyuiu.DmiterkoKD.Sprint2.Task5.V2\Tyuiu.DmiterkoKD.Sprint2.Task5.V2.csproj", "{0114BA13-1E04-4A0C-A90E-199B342F77F0}"
EndProject
Project("{9A19103F-16F7-4668-BE54-9A1E7A4F7556}") = "Tyuiu.DmiterkoKD.Sprint2.Task5.V2.Lib", "Tyuiu.DmiterkoKD.Sprint2.Task5.V2.Lib\Tyuiu.DmiterkoKD.Sprint2.Task5.V2.Lib.csproj", "{4503437F-0158-4182-9CAC-08D75ACC89B8}"
EndProject
Project("{9A19103F-16F7-4668-BE54-9A1E7A4F7556}") = "Tyuiu.DmiterkoKD.Sprint2.Task5.V2.Test", "Tyuiu.DmiterkoKD.Sprint2.Task5.V2.Test\Tyuiu.DmiterkoKD.Sprint2.Task5.V2.Test.csproj", "{6B0B252B-865D-4144-96E8-EAFED568E3E1}"
EndProject
Project("{2150E333-8FDC-42A3-9474-1A3956D46DE8}") = "Task7", "Task7", "{1A1959DC-3AE0-4142-8362-2AB218B2E4FE}"
EndProject
Project("{9A19103F-16F7-4668-BE54-9A1E7A4F7556}") = "Tyuiu.DmiterkoKD.Sprint2.Task7.V14", "Tyuiu.DmiterkoKD.Sprint2.Task7.V14\Tyuiu.DmiterkoKD.Sprint2.Task7.V14.csproj", "{E26EDEDF-6D25-46D9-A78E-A2500F27ACD2}"
EndProject
Project("{9A19103F-16F7-4668-BE54-9A1E7A4F7556}") = "Tyuiu.DmiterkoKD.Sprint2.Task7.V14.Lib", "Tyuiu.DmiterkoKD.Sprint2.Task7.V14.Lib\Tyuiu.DmiterkoKD.Sprint2.Task7.V14.Lib.csproj", "{3D4688AC-CA1C-4AA3-984C-7D48AA94712B}"
EndProject
Project("{9A19103F-16F7-4668-BE54-9A1E7A4F7556}") = "Tyuiu.DmiterkoKD.Sprint2.Task7.V14.Test", "Tyuiu.DmiterkoKD.Sprint2.Task7.V14.Test\Tyuiu.DmiterkoKD.Sprint2.Task7.V14.Test.csproj", "{8795EAA1-75D4-4CB0-AD29-3760D48CCEDC}"
EndProject
Project("{2150E333-8FDC-42A3-9474-1A3956D46DE8}") = "Task6", "Task6", "{122DA01B-5977-4CFB-93DD-58C3E504C16B}"
EndProject
Project("{FAE04EC0-301F-11D3-BF4B-00C04F79EFBC}") = "Tyuiu.DmiterkoKD.Sprint2.Task6.V12", "Tyuiu.DmiterkoKD.Sprint2.Task6.V12\Tyuiu.DmiterkoKD.Sprint2.Task6.V12.csproj", "{251F9F60-00A7-4A93-B0FD-D87A9E526CD3}"
EndProject
Project("{FAE04EC0-301F-11D3-BF4B-00C04F79EFBC}") = "Tyuiu.DmiterkoKD.Sprint2.Task6.V12.Lib", "Tyuiu.DmiterkoKD.Sprint2.Task6.V12.Lib\Tyuiu.DmiterkoKD.Sprint2.Task6.V12.Lib.csproj", "{4EA4C526-B118-4625-9E1A-945FEA1523B0}"
EndProject
Project("{FAE04EC0-301F-11D3-BF4B-00C04F79EFBC}") = "Tyuiu.DmiterkoKD.Sprint2.Task6.V12.Test", "Tyuiu.DmiterkoKD.Sprint2.Task6.V12.Test\Tyuiu.DmiterkoKD.Sprint2.Task6.V12.Test.csproj", "{19523506-F8C9-449A-8D56-FF506C343879}"
EndProject
Global
	GlobalSection(SolutionConfigurationPlatforms) = preSolution
		Debug|Any CPU = Debug|Any CPU
		Release|Any CPU = Release|Any CPU
	EndGlobalSection
	GlobalSection(ProjectConfigurationPlatforms) = postSolution
		{F3278792-7A14-45A7-8D06-D1001EB35AB8}.Debug|Any CPU.ActiveCfg = Debug|Any CPU
		{F3278792-7A14-45A7-8D06-D1001EB35AB8}.Debug|Any CPU.Build.0 = Debug|Any CPU
		{F3278792-7A14-45A7-8D06-D1001EB35AB8}.Release|Any CPU.ActiveCfg = Release|Any CPU
		{F3278792-7A14-45A7-8D06-D1001EB35AB8}.Release|Any CPU.Build.0 = Release|Any CPU
		{040B84ED-0DDF-4C71-980E-18FA0F253DA1}.Debug|Any CPU.ActiveCfg = Debug|Any CPU
		{040B84ED-0DDF-4C71-980E-18FA0F253DA1}.Debug|Any CPU.Build.0 = Debug|Any CPU
		{040B84ED-0DDF-4C71-980E-18FA0F253DA1}.Release|Any CPU.ActiveCfg = Release|Any CPU
		{040B84ED-0DDF-4C71-980E-18FA0F253DA1}.Release|Any CPU.Build.0 = Release|Any CPU
		{C0CDA1CD-C5AE-4D65-8CF2-56D8F02A5745}.Debug|Any CPU.ActiveCfg = Debug|Any CPU
		{C0CDA1CD-C5AE-4D65-8CF2-56D8F02A5745}.Debug|Any CPU.Build.0 = Debug|Any CPU
		{C0CDA1CD-C5AE-4D65-8CF2-56D8F02A5745}.Release|Any CPU.ActiveCfg = Release|Any CPU
		{C0CDA1CD-C5AE-4D65-8CF2-56D8F02A5745}.Release|Any CPU.Build.0 = Release|Any CPU
		{06B75F42-3B79-4D3D-9EC5-2497BDAC6FDC}.Debug|Any CPU.ActiveCfg = Debug|Any CPU
		{06B75F42-3B79-4D3D-9EC5-2497BDAC6FDC}.Debug|Any CPU.Build.0 = Debug|Any CPU
		{06B75F42-3B79-4D3D-9EC5-2497BDAC6FDC}.Release|Any CPU.ActiveCfg = Release|Any CPU
		{06B75F42-3B79-4D3D-9EC5-2497BDAC6FDC}.Release|Any CPU.Build.0 = Release|Any CPU
		{C99AE20B-48CA-4899-8F3C-BA7596357F54}.Debug|Any CPU.ActiveCfg = Debug|Any CPU
		{C99AE20B-48CA-4899-8F3C-BA7596357F54}.Debug|Any CPU.Build.0 = Debug|Any CPU
		{C99AE20B-48CA-4899-8F3C-BA7596357F54}.Release|Any CPU.ActiveCfg = Release|Any CPU
		{C99AE20B-48CA-4899-8F3C-BA7596357F54}.Release|Any CPU.Build.0 = Release|Any CPU
		{F7A375AC-7AD1-412C-A537-06E095E33363}.Debug|Any CPU.ActiveCfg = Debug|Any CPU
		{F7A375AC-7AD1-412C-A537-06E095E33363}.Debug|Any CPU.Build.0 = Debug|Any CPU
		{F7A375AC-7AD1-412C-A537-06E095E33363}.Release|Any CPU.ActiveCfg = Release|Any CPU
		{F7A375AC-7AD1-412C-A537-06E095E33363}.Release|Any CPU.Build.0 = Release|Any CPU
		{CD982ABD-296B-4CD8-B259-B58EAE78B9E8}.Debug|Any CPU.ActiveCfg = Debug|Any CPU
		{CD982ABD-296B-4CD8-B259-B58EAE78B9E8}.Debug|Any CPU.Build.0 = Debug|Any CPU
		{CD982ABD-296B-4CD8-B259-B58EAE78B9E8}.Release|Any CPU.ActiveCfg = Release|Any CPU
		{CD982ABD-296B-4CD8-B259-B58EAE78B9E8}.Release|Any CPU.Build.0 = Release|Any CPU
		{C9698FAE-9069-4365-BF82-BA7D08718452}.Debug|Any CPU.ActiveCfg = Debug|Any CPU
		{C9698FAE-9069-4365-BF82-BA7D08718452}.Debug|Any CPU.Build.0 = Debug|Any CPU
		{C9698FAE-9069-4365-BF82-BA7D08718452}.Release|Any CPU.ActiveCfg = Release|Any CPU
		{C9698FAE-9069-4365-BF82-BA7D08718452}.Release|Any CPU.Build.0 = Release|Any CPU
		{9804BC7A-8F89-49E0-A799-D362AFE59DE9}.Debug|Any CPU.ActiveCfg = Debug|Any CPU
		{9804BC7A-8F89-49E0-A799-D362AFE59DE9}.Debug|Any CPU.Build.0 = Debug|Any CPU
		{9804BC7A-8F89-49E0-A799-D362AFE59DE9}.Release|Any CPU.ActiveCfg = Release|Any CPU
		{9804BC7A-8F89-49E0-A799-D362AFE59DE9}.Release|Any CPU.Build.0 = Release|Any CPU
		{529174F0-C135-4721-9CDF-BD0C1B7781B8}.Debug|Any CPU.ActiveCfg = Debug|Any CPU
		{529174F0-C135-4721-9CDF-BD0C1B7781B8}.Debug|Any CPU.Build.0 = Debug|Any CPU
		{529174F0-C135-4721-9CDF-BD0C1B7781B8}.Release|Any CPU.ActiveCfg = Release|Any CPU
		{529174F0-C135-4721-9CDF-BD0C1B7781B8}.Release|Any CPU.Build.0 = Release|Any CPU
		{C6E03868-DB3B-45BC-A250-923EE421D530}.Debug|Any CPU.ActiveCfg = Debug|Any CPU
		{C6E03868-DB3B-45BC-A250-923EE421D530}.Debug|Any CPU.Build.0 = Debug|Any CPU
		{C6E03868-DB3B-45BC-A250-923EE421D530}.Release|Any CPU.ActiveCfg = Release|Any CPU
		{C6E03868-DB3B-45BC-A250-923EE421D530}.Release|Any CPU.Build.0 = Release|Any CPU
		{ABE84FC6-CFDF-4256-B45A-64AF41A812A7}.Debug|Any CPU.ActiveCfg = Debug|Any CPU
		{ABE84FC6-CFDF-4256-B45A-64AF41A812A7}.Debug|Any CPU.Build.0 = Debug|Any CPU
		{ABE84FC6-CFDF-4256-B45A-64AF41A812A7}.Release|Any CPU.ActiveCfg = Release|Any CPU
		{ABE84FC6-CFDF-4256-B45A-64AF41A812A7}.Release|Any CPU.Build.0 = Release|Any CPU
		{C1138CF3-6884-4FE0-B6CD-0E3BCE89B873}.Debug|Any CPU.ActiveCfg = Debug|Any CPU
		{C1138CF3-6884-4FE0-B6CD-0E3BCE89B873}.Debug|Any CPU.Build.0 = Debug|Any CPU
		{C1138CF3-6884-4FE0-B6CD-0E3BCE89B873}.Release|Any CPU.ActiveCfg = Release|Any CPU
		{C1138CF3-6884-4FE0-B6CD-0E3BCE89B873}.Release|Any CPU.Build.0 = Release|Any CPU
		{D9FF6C92-6914-4745-82EA-EF6553A5A24D}.Debug|Any CPU.ActiveCfg = Debug|Any CPU
		{D9FF6C92-6914-4745-82EA-EF6553A5A24D}.Debug|Any CPU.Build.0 = Debug|Any CPU
		{D9FF6C92-6914-4745-82EA-EF6553A5A24D}.Release|Any CPU.ActiveCfg = Release|Any CPU
		{D9FF6C92-6914-4745-82EA-EF6553A5A24D}.Release|Any CPU.Build.0 = Release|Any CPU
		{95007336-010E-42EB-AA2F-BC4BA56E26B5}.Debug|Any CPU.ActiveCfg = Debug|Any CPU
		{95007336-010E-42EB-AA2F-BC4BA56E26B5}.Debug|Any CPU.Build.0 = Debug|Any CPU
		{95007336-010E-42EB-AA2F-BC4BA56E26B5}.Release|Any CPU.ActiveCfg = Release|Any CPU
		{95007336-010E-42EB-AA2F-BC4BA56E26B5}.Release|Any CPU.Build.0 = Release|Any CPU
		{0114BA13-1E04-4A0C-A90E-199B342F77F0}.Debug|Any CPU.ActiveCfg = Debug|Any CPU
		{0114BA13-1E04-4A0C-A90E-199B342F77F0}.Debug|Any CPU.Build.0 = Debug|Any CPU
		{0114BA13-1E04-4A0C-A90E-199B342F77F0}.Release|Any CPU.ActiveCfg = Release|Any CPU
		{0114BA13-1E04-4A0C-A90E-199B342F77F0}.Release|Any CPU.Build.0 = Release|Any CPU
		{4503437F-0158-4182-9CAC-08D75ACC89B8}.Debug|Any CPU.ActiveCfg = Debug|Any CPU
		{4503437F-0158-4182-9CAC-08D75ACC89B8}.Debug|Any CPU.Build.0 = Debug|Any CPU
		{4503437F-0158-4182-9CAC-08D75ACC89B8}.Release|Any CPU.ActiveCfg = Release|Any CPU
		{4503437F-0158-4182-9CAC-08D75ACC89B8}.Release|Any CPU.Build.0 = Release|Any CPU
		{6B0B252B-865D-4144-96E8-EAFED568E3E1}.Debug|Any CPU.ActiveCfg = Debug|Any CPU
		{6B0B252B-865D-4144-96E8-EAFED568E3E1}.Debug|Any CPU.Build.0 = Debug|Any CPU
		{6B0B252B-865D-4144-96E8-EAFED568E3E1}.Release|Any CPU.ActiveCfg = Release|Any CPU
		{6B0B252B-865D-4144-96E8-EAFED568E3E1}.Release|Any CPU.Build.0 = Release|Any CPU
		{E26EDEDF-6D25-46D9-A78E-A2500F27ACD2}.Debug|Any CPU.ActiveCfg = Debug|Any CPU
		{E26EDEDF-6D25-46D9-A78E-A2500F27ACD2}.Debug|Any CPU.Build.0 = Debug|Any CPU
		{E26EDEDF-6D25-46D9-A78E-A2500F27ACD2}.Release|Any CPU.ActiveCfg = Release|Any CPU
		{E26EDEDF-6D25-46D9-A78E-A2500F27ACD2}.Release|Any CPU.Build.0 = Release|Any CPU
		{3D4688AC-CA1C-4AA3-984C-7D48AA94712B}.Debug|Any CPU.ActiveCfg = Debug|Any CPU
		{3D4688AC-CA1C-4AA3-984C-7D48AA94712B}.Debug|Any CPU.Build.0 = Debug|Any CPU
		{3D4688AC-CA1C-4AA3-984C-7D48AA94712B}.Release|Any CPU.ActiveCfg = Release|Any CPU
		{3D4688AC-CA1C-4AA3-984C-7D48AA94712B}.Release|Any CPU.Build.0 = Release|Any CPU
		{8795EAA1-75D4-4CB0-AD29-3760D48CCEDC}.Debug|Any CPU.ActiveCfg = Debug|Any CPU
		{8795EAA1-75D4-4CB0-AD29-3760D48CCEDC}.Debug|Any CPU.Build.0 = Debug|Any CPU
		{8795EAA1-75D4-4CB0-AD29-3760D48CCEDC}.Release|Any CPU.ActiveCfg = Release|Any CPU
		{8795EAA1-75D4-4CB0-AD29-3760D48CCEDC}.Release|Any CPU.Build.0 = Release|Any CPU
		{251F9F60-00A7-4A93-B0FD-D87A9E526CD3}.Debug|Any CPU.ActiveCfg = Debug|Any CPU
		{251F9F60-00A7-4A93-B0FD-D87A9E526CD3}.Debug|Any CPU.Build.0 = Debug|Any CPU
		{251F9F60-00A7-4A93-B0FD-D87A9E526CD3}.Release|Any CPU.ActiveCfg = Release|Any CPU
		{251F9F60-00A7-4A93-B0FD-D87A9E526CD3}.Release|Any CPU.Build.0 = Release|Any CPU
		{4EA4C526-B118-4625-9E1A-945FEA1523B0}.Debug|Any CPU.ActiveCfg = Debug|Any CPU
		{4EA4C526-B118-4625-9E1A-945FEA1523B0}.Debug|Any CPU.Build.0 = Debug|Any CPU
		{4EA4C526-B118-4625-9E1A-945FEA1523B0}.Release|Any CPU.ActiveCfg = Release|Any CPU
		{4EA4C526-B118-4625-9E1A-945FEA1523B0}.Release|Any CPU.Build.0 = Release|Any CPU
		{19523506-F8C9-449A-8D56-FF506C343879}.Debug|Any CPU.ActiveCfg = Debug|Any CPU
		{19523506-F8C9-449A-8D56-FF506C343879}.Debug|Any CPU.Build.0 = Debug|Any CPU
		{19523506-F8C9-449A-8D56-FF506C343879}.Release|Any CPU.ActiveCfg = Release|Any CPU
		{19523506-F8C9-449A-8D56-FF506C343879}.Release|Any CPU.Build.0 = Release|Any CPU
	EndGlobalSection
	GlobalSection(SolutionProperties) = preSolution
		HideSolutionNode = FALSE
	EndGlobalSection
	GlobalSection(NestedProjects) = preSolution
		{F3278792-7A14-45A7-8D06-D1001EB35AB8} = {B5EBCE8E-C93F-4042-894A-E103A27EF021}
		{040B84ED-0DDF-4C71-980E-18FA0F253DA1} = {B5EBCE8E-C93F-4042-894A-E103A27EF021}
		{C0CDA1CD-C5AE-4D65-8CF2-56D8F02A5745} = {B5EBCE8E-C93F-4042-894A-E103A27EF021}
		{06B75F42-3B79-4D3D-9EC5-2497BDAC6FDC} = {DB6BA758-B06A-4586-821D-1512D382CDFA}
		{C99AE20B-48CA-4899-8F3C-BA7596357F54} = {DB6BA758-B06A-4586-821D-1512D382CDFA}
		{F7A375AC-7AD1-412C-A537-06E095E33363} = {DB6BA758-B06A-4586-821D-1512D382CDFA}
		{CD982ABD-296B-4CD8-B259-B58EAE78B9E8} = {DB1237C2-369F-40ED-91F2-981BA4667C0E}
		{C9698FAE-9069-4365-BF82-BA7D08718452} = {DB1237C2-369F-40ED-91F2-981BA4667C0E}
		{9804BC7A-8F89-49E0-A799-D362AFE59DE9} = {DB1237C2-369F-40ED-91F2-981BA4667C0E}
		{529174F0-C135-4721-9CDF-BD0C1B7781B8} = {8D5A3655-BE0D-45EC-B072-D76186CA5A67}
		{C6E03868-DB3B-45BC-A250-923EE421D530} = {8D5A3655-BE0D-45EC-B072-D76186CA5A67}
		{ABE84FC6-CFDF-4256-B45A-64AF41A812A7} = {8D5A3655-BE0D-45EC-B072-D76186CA5A67}
		{C1138CF3-6884-4FE0-B6CD-0E3BCE89B873} = {763EEDB7-3FC4-496B-93E7-B014DE605094}
		{D9FF6C92-6914-4745-82EA-EF6553A5A24D} = {763EEDB7-3FC4-496B-93E7-B014DE605094}
		{95007336-010E-42EB-AA2F-BC4BA56E26B5} = {763EEDB7-3FC4-496B-93E7-B014DE605094}
		{0114BA13-1E04-4A0C-A90E-199B342F77F0} = {50BC7017-ACA5-4C87-B4CE-9822A10F7A21}
		{4503437F-0158-4182-9CAC-08D75ACC89B8} = {50BC7017-ACA5-4C87-B4CE-9822A10F7A21}
		{6B0B252B-865D-4144-96E8-EAFED568E3E1} = {50BC7017-ACA5-4C87-B4CE-9822A10F7A21}
		{E26EDEDF-6D25-46D9-A78E-A2500F27ACD2} = {1A1959DC-3AE0-4142-8362-2AB218B2E4FE}
		{3D4688AC-CA1C-4AA3-984C-7D48AA94712B} = {1A1959DC-3AE0-4142-8362-2AB218B2E4FE}
		{8795EAA1-75D4-4CB0-AD29-3760D48CCEDC} = {1A1959DC-3AE0-4142-8362-2AB218B2E4FE}
		{251F9F60-00A7-4A93-B0FD-D87A9E526CD3} = {122DA01B-5977-4CFB-93DD-58C3E504C16B}
		{4EA4C526-B118-4625-9E1A-945FEA1523B0} = {122DA01B-5977-4CFB-93DD-58C3E504C16B}
		{19523506-F8C9-449A-8D56-FF506C343879} = {122DA01B-5977-4CFB-93DD-58C3E504C16B}
	EndGlobalSection
	GlobalSection(ExtensibilityGlobals) = postSolution
		SolutionGuid = {2B860009-3BEB-4CB3-B9C6-B1D4713A0173}
	EndGlobalSection
EndGlobal
